
Microsoft Visual Studio Solution File, Format Version 12.00
# Visual Studio Version 17
VisualStudioVersion = 17.8.34330.188
MinimumVisualStudioVersion = 10.0.40219.1
Project("{FAE04EC0-301F-11D3-BF4B-00C04F79EFBC}") = "BookCrudTest", "BookCrudTest\BookCrudTest.csproj", "{1BBB4933-C658-4EF4-BC58-DF586ADF2452}"
EndProject
Project("{FAE04EC0-301F-11D3-BF4B-00C04F79EFBC}") = "Entities", "Entities\Entities.csproj", "{B341578D-B95D-441A-A4AD-1203F0C288BE}"
EndProject
Project("{FAE04EC0-301F-11D3-BF4B-00C04F79EFBC}") = "ServiceContracts", "ServiceContracts\ServiceContracts.csproj", "{9BC0003B-3594-4A36-BA5D-3BCE079B8E80}"
EndProject
Project("{FAE04EC0-301F-11D3-BF4B-00C04F79EFBC}") = "Services", "Service\Services.csproj", "{AE8B001F-6F4A-48BD-847E-39D743436553}"
EndProject
Global
	GlobalSection(SolutionConfigurationPlatforms) = preSolution
		Debug|Any CPU = Debug|Any CPU
		Release|Any CPU = Release|Any CPU
	EndGlobalSection
	GlobalSection(ProjectConfigurationPlatforms) = postSolution
		{1BBB4933-C658-4EF4-BC58-DF586ADF2452}.Debug|Any CPU.ActiveCfg = Debug|Any CPU
		{1BBB4933-C658-4EF4-BC58-DF586ADF2452}.Debug|Any CPU.Build.0 = Debug|Any CPU
		{1BBB4933-C658-4EF4-BC58-DF586ADF2452}.Release|Any CPU.ActiveCfg = Release|Any CPU
		{1BBB4933-C658-4EF4-BC58-DF586ADF2452}.Release|Any CPU.Build.0 = Release|Any CPU
		{B341578D-B95D-441A-A4AD-1203F0C288BE}.Debug|Any CPU.ActiveCfg = Debug|Any CPU
		{B341578D-B95D-441A-A4AD-1203F0C288BE}.Debug|Any CPU.Build.0 = Debug|Any CPU
		{B341578D-B95D-441A-A4AD-1203F0C288BE}.Release|Any CPU.ActiveCfg = Release|Any CPU
		{B341578D-B95D-441A-A4AD-1203F0C288BE}.Release|Any CPU.Build.0 = Release|Any CPU
		{9BC0003B-3594-4A36-BA5D-3BCE079B8E80}.Debug|Any CPU.ActiveCfg = Debug|Any CPU
		{9BC0003B-3594-4A36-BA5D-3BCE079B8E80}.Debug|Any CPU.Build.0 = Debug|Any CPU
		{9BC0003B-3594-4A36-BA5D-3BCE079B8E80}.Release|Any CPU.ActiveCfg = Release|Any CPU
		{9BC0003B-3594-4A36-BA5D-3BCE079B8E80}.Release|Any CPU.Build.0 = Release|Any CPU
		{AE8B001F-6F4A-48BD-847E-39D743436553}.Debug|Any CPU.ActiveCfg = Debug|Any CPU
		{AE8B001F-6F4A-48BD-847E-39D743436553}.Debug|Any CPU.Build.0 = Debug|Any CPU
		{AE8B001F-6F4A-48BD-847E-39D743436553}.Release|Any CPU.ActiveCfg = Release|Any CPU
		{AE8B001F-6F4A-48BD-847E-39D743436553}.Release|Any CPU.Build.0 = Release|Any CPU
	EndGlobalSection
	GlobalSection(SolutionProperties) = preSolution
		HideSolutionNode = FALSE
	EndGlobalSection
	GlobalSection(ExtensibilityGlobals) = postSolution
		SolutionGuid = {2C0D1AD0-49EA-4870-9BE4-D5F869CE11C2}
	EndGlobalSection
EndGlobal
